# generated by rye
# use `rye lock` or `rye sync` to update this lockfile
#
# last locked with the following flags:
#   pre: false
#   features: []
#   all-features: false
#   with-sources: false
#   generate-hashes: false
#   universal: false

-e file:.
absl-py==2.1.0
aiohappyeyeballs==2.4.0
aiohttp==3.10.5
aiosignal==1.3.1
alembic==1.13.3
altgraph==0.17.4
astrochem-embedding @ git+https://github.com/aravindhnivas/astrochem_embedding.git@618411489faf687f34c345d8aedeb0405cbf0ad0
asttokens==2.4.1
attrs==24.2.0
blinker==1.8.2
bottle==0.13.1
catboost==1.2.5
click==8.1.7
cloudpickle==3.0.0
colorama==0.4.6
colorlog==6.8.2
contourpy==1.3.0
cycler==0.12.1
dask==2024.8.2
dask-expr==1.1.13
dask-glm==0.3.2
dask-ml==2024.4.4
decorator==5.1.1
distributed==2024.8.2
executing==2.1.0
filelock==3.15.4
flask==3.0.3
flask-cors==5.0.0
fonttools==4.53.1
frozenlist==1.4.1
fsspec==2024.6.1
gensim==4.3.3
graphviz==0.20.3
greenlet==3.1.1
grpcio==1.66.1
h5py==3.11.0
idna==3.8
ipython==8.27.0
itsdangerous==2.2.0
jedi==0.19.1
jinja2==3.1.4
joblib==1.4.2
kiwisolver==1.4.6
lightgbm==4.5.0
lightning-utilities==0.11.7
llvmlite==0.43.0
locket==1.0.0
loguru==0.7.2
mako==1.3.5
markdown==3.7
markupsafe==2.1.5
matplotlib==3.9.2
matplotlib-inline==0.1.7
mol2vec @ git+https://github.com/aravindhnivas/mol2vec.git@6e8924c3a3512e4ceb83419515948d925b225d90
mpmath==1.3.0
msgpack==1.0.8
multidict==6.0.5
multipledispatch==1.0.0
networkx==3.3
numba==0.60.0
numpy==1.26.4
optuna==4.0.0
optuna-dashboard==0.16.2
packaging==24.1
pandas==2.2.2
parso==0.8.4
partd==1.4.2
pefile==2024.8.26
pillow==10.4.0
plotly==5.24.0
prompt-toolkit==3.0.47
protobuf==5.28.0
psutil==6.0.0
pure-eval==0.2.3
pyarrow==17.0.0
pygments==2.18.0
pyinstaller==6.10.0
pyinstaller-hooks-contrib==2024.8
pyparsing==3.1.4
python-dateutil==2.9.0.post0
pytorch-lightning==2.4.0
pytz==2024.1
pywin32-ctypes==0.2.3
pyyaml==6.0.2
rdkit==2024.3.5
ruamel-yaml==0.18.6
ruamel-yaml-clib==0.2.8
scikit-learn==1.5.1
scipy==1.13.1
seaborn==0.13.2
selfies==2.1.2
setuptools==74.1.1
shap==0.46.0
six==1.16.0
slicer==0.0.8
smart-open==7.0.4
sortedcontainers==2.4.0
sparse==0.15.4
sqlalchemy==2.0.35
stack-data==0.6.3
sympy==1.13.2
tblib==3.0.0
tenacity==9.0.0
tensorboard==2.17.1
tensorboard-data-server==0.7.2
threadpoolctl==3.5.0
toolz==0.12.1
torch==2.4.0
torchinfo==1.8.0
torchmetrics==1.4.1
tornado==6.4.1
tqdm==4.66.5
traitlets==5.14.3
typing-extensions==4.12.2
tzdata==2024.1
urllib3==2.2.2
waitress==3.0.0
wcwidth==0.2.13
werkzeug==3.0.4
win32-setctime==1.1.0
wrapt==1.16.0
xgboost==2.1.1
yarl==1.9.8
zict==3.0.0
